
Microsoft Visual Studio Solution File, Format Version 12.00
# Visual Studio 15
VisualStudioVersion = 15.0.28307.106
MinimumVisualStudioVersion = 10.0.40219.1
Project("{FAE04EC0-301F-11D3-BF4B-00C04F79EFBC}") = "GlobalReviewSystem.Models", "GlobalReviewSystem.Models\GlobalReviewSystem.Models.csproj", "{63730540-7C06-45D2-B408-1E852B2FDF99}"
EndProject
Project("{FAE04EC0-301F-11D3-BF4B-00C04F79EFBC}") = "GlobalReviewSystem.Web", "GlobalReviewSystem.Web\GlobalReviewSystem.Web.csproj", "{D8EDD75F-53DD-4423-B0C9-C90F583AC8C5}"
EndProject
Global
	GlobalSection(SolutionConfigurationPlatforms) = preSolution
		Debug|Any CPU = Debug|Any CPU
		Release|Any CPU = Release|Any CPU
	EndGlobalSection
	GlobalSection(ProjectConfigurationPlatforms) = postSolution
		{63730540-7C06-45D2-B408-1E852B2FDF99}.Debug|Any CPU.ActiveCfg = Debug|Any CPU
		{63730540-7C06-45D2-B408-1E852B2FDF99}.Debug|Any CPU.Build.0 = Debug|Any CPU
		{63730540-7C06-45D2-B408-1E852B2FDF99}.Release|Any CPU.ActiveCfg = Release|Any CPU
		{63730540-7C06-45D2-B408-1E852B2FDF99}.Release|Any CPU.Build.0 = Release|Any CPU
		{D8EDD75F-53DD-4423-B0C9-C90F583AC8C5}.Debug|Any CPU.ActiveCfg = Debug|Any CPU
		{D8EDD75F-53DD-4423-B0C9-C90F583AC8C5}.Debug|Any CPU.Build.0 = Debug|Any CPU
		{D8EDD75F-53DD-4423-B0C9-C90F583AC8C5}.Release|Any CPU.ActiveCfg = Release|Any CPU
		{D8EDD75F-53DD-4423-B0C9-C90F583AC8C5}.Release|Any CPU.Build.0 = Release|Any CPU
	EndGlobalSection
	GlobalSection(SolutionProperties) = preSolution
		HideSolutionNode = FALSE
	EndGlobalSection
	GlobalSection(ExtensibilityGlobals) = postSolution
		SolutionGuid = {BB4D3B50-BEE6-4DB5-8AB7-572C9061195C}
	EndGlobalSection
EndGlobal
